# THIS IS AN AUTOGENERATED FILE. DO NOT EDIT THIS FILE DIRECTLY.
# yarn lockfile v1


ajv@^4.9.1:
  version "4.11.8"
  resolved "https://registry.yarnpkg.com/ajv/-/ajv-4.11.8.tgz#82ffb02b29e662ae53bdc20af15947706739c536"
  dependencies:
    co "^4.6.0"
    json-stable-stringify "^1.0.1"

argparse@^1.0.7:
  version "1.0.9"
  resolved "https://registry.yarnpkg.com/argparse/-/argparse-1.0.9.tgz#73d83bc263f86e97f8cc4f6bae1b0e90a7d22c86"
  dependencies:
    sprintf-js "~1.0.2"

asn1@~0.2.3:
  version "0.2.3"
  resolved "https://registry.yarnpkg.com/asn1/-/asn1-0.2.3.tgz#dac8787713c9966849fc8180777ebe9c1ddf3b86"

assert-diff@^1.0.1:
  version "1.2.0"
  resolved "https://registry.yarnpkg.com/assert-diff/-/assert-diff-1.2.0.tgz#76014ea302e0c1a5760d5af43ba419b0d6545b42"
  dependencies:
    assert-plus "1.0.0"
    json-diff "0.3.1"

assert-plus@1.0.0, assert-plus@^1.0.0:
  version "1.0.0"
  resolved "https://registry.yarnpkg.com/assert-plus/-/assert-plus-1.0.0.tgz#f12e0f3c5d77b0b1cdd9146942e4e96c1e4dd525"

assert-plus@^0.2.0:
  version "0.2.0"
  resolved "https://registry.yarnpkg.com/assert-plus/-/assert-plus-0.2.0.tgz#d74e1b87e7affc0db8aadb7021f3fe48101ab234"

assertion-error@^1.0.1:
  version "1.0.2"
  resolved "https://registry.yarnpkg.com/assertion-error/-/assertion-error-1.0.2.tgz#13ca515d86206da0bac66e834dd397d87581094c"

asynckit@^0.4.0:
  version "0.4.0"
  resolved "https://registry.yarnpkg.com/asynckit/-/asynckit-0.4.0.tgz#c79ed97f7f34cb8f2ba1bc9790bcc366474b4b79"

aws-sign2@~0.6.0:
  version "0.6.0"
  resolved "https://registry.yarnpkg.com/aws-sign2/-/aws-sign2-0.6.0.tgz#14342dd38dbcc94d0e5b87d763cd63612c0e794f"

aws4@^1.2.1:
  version "1.6.0"
  resolved "https://registry.yarnpkg.com/aws4/-/aws4-1.6.0.tgz#83ef5ca860b2b32e4a0deedee8c771b9db57471e"

balanced-match@^0.4.1:
  version "0.4.2"
  resolved "https://registry.yarnpkg.com/balanced-match/-/balanced-match-0.4.2.tgz#cb3f3e3c732dc0f01ee70b403f302e61d7709838"

base64url@2.0.0, base64url@^2.0.0:
  version "2.0.0"
  resolved "https://registry.yarnpkg.com/base64url/-/base64url-2.0.0.tgz#eac16e03ea1438eff9423d69baa36262ed1f70bb"

batch@0.5.0:
  version "0.5.0"
  resolved "https://registry.yarnpkg.com/batch/-/batch-0.5.0.tgz#fd2e05a7a5d696b4db9314013e285d8ff3557ec3"

bcrypt-pbkdf@^1.0.0:
  version "1.0.1"
  resolved "https://registry.yarnpkg.com/bcrypt-pbkdf/-/bcrypt-pbkdf-1.0.1.tgz#63bc5dcb61331b92bc05fd528953c33462a06f8d"
  dependencies:
    tweetnacl "^0.14.3"

boom@2.x.x:
  version "2.10.1"
  resolved "https://registry.yarnpkg.com/boom/-/boom-2.10.1.tgz#39c8918ceff5799f83f9492a848f625add0c766f"
  dependencies:
    hoek "2.x.x"

brace-expansion@^1.1.7:
  version "1.1.7"
  resolved "https://registry.yarnpkg.com/brace-expansion/-/brace-expansion-1.1.7.tgz#3effc3c50e000531fb720eaff80f0ae8ef23cf59"
  dependencies:
    balanced-match "^0.4.1"
    concat-map "0.0.1"

browser-stdout@1.3.0:
  version "1.3.0"
  resolved "https://registry.yarnpkg.com/browser-stdout/-/browser-stdout-1.3.0.tgz#f351d32969d32fa5d7a5567154263d928ae3bd1f"

buffer-crc32@0.2.1:
  version "0.2.1"
  resolved "https://registry.yarnpkg.com/buffer-crc32/-/buffer-crc32-0.2.1.tgz#be3e5382fc02b6d6324956ac1af98aa98b08534c"

buffer-equal-constant-time@1.0.1:
  version "1.0.1"
  resolved "https://registry.yarnpkg.com/buffer-equal-constant-time/-/buffer-equal-constant-time-1.0.1.tgz#f8e71132f7ffe6e01a5c9697a4c6f3e48d5cc819"

bytes@0.2.1, bytes@~0.2.1:
  version "0.2.1"
  resolved "https://registry.yarnpkg.com/bytes/-/bytes-0.2.1.tgz#555b08abcb063f8975905302523e4cd4ffdfdf31"

caseless@~0.12.0:
  version "0.12.0"
  resolved "https://registry.yarnpkg.com/caseless/-/caseless-0.12.0.tgz#1b681c21ff84033c826543090689420d187151dc"

chai@^3.5.0:
  version "3.5.0"
  resolved "https://registry.yarnpkg.com/chai/-/chai-3.5.0.tgz#4d02637b067fe958bdbfdd3a40ec56fef7373247"
  dependencies:
    assertion-error "^1.0.1"
    deep-eql "^0.1.3"
    type-detect "^1.0.0"

cli-color@~0.1.6:
  version "0.1.7"
  resolved "https://registry.yarnpkg.com/cli-color/-/cli-color-0.1.7.tgz#adc3200fa471cc211b0da7f566b71e98b9d67347"
  dependencies:
    es5-ext "0.8.x"

co@^4.6.0:
  version "4.6.0"
  resolved "https://registry.yarnpkg.com/co/-/co-4.6.0.tgz#6ea6bdf3d853ae54ccb8e47bfa0bf3f9031fb184"

coffeescript@next:
  version "2.0.0-beta1"
  resolved "https://registry.yarnpkg.com/coffeescript/-/coffeescript-2.0.0-beta1.tgz#69f67c1c13012692c25d8e5e40e94977f696b428"
  dependencies:
    markdown-it "^8.3.1"

combined-stream@^1.0.5, combined-stream@~1.0.5:
  version "1.0.5"
  resolved "https://registry.yarnpkg.com/combined-stream/-/combined-stream-1.0.5.tgz#938370a57b4a51dea2c77c15d5c5fdf895164009"
  dependencies:
    delayed-stream "~1.0.0"

commander@1.3.2:
  version "1.3.2"
  resolved "https://registry.yarnpkg.com/commander/-/commander-1.3.2.tgz#8a8f30ec670a6fdd64af52f1914b907d79ead5b5"
  dependencies:
    keypress "0.1.x"

commander@2.9.0:
  version "2.9.0"
  resolved "https://registry.yarnpkg.com/commander/-/commander-2.9.0.tgz#9c99094176e12240cb22d6c5146098400fe0f7d4"
  dependencies:
    graceful-readlink ">= 1.0.0"

concat-map@0.0.1:
  version "0.0.1"
  resolved "https://registry.yarnpkg.com/concat-map/-/concat-map-0.0.1.tgz#d8a96bd77fd68df7793a73036a3ba0d5405d477b"

connect@2.12.0:
  version "2.12.0"
  resolved "https://registry.yarnpkg.com/connect/-/connect-2.12.0.tgz#31d8fa0dcacdf1908d822bd2923be8a2d2a7ed9a"
  dependencies:
    batch "0.5.0"
    buffer-crc32 "0.2.1"
    bytes "0.2.1"
    cookie "0.1.0"
    cookie-signature "1.0.1"
    debug ">= 0.7.3 < 1"
    fresh "0.2.0"
    methods "0.1.0"
    multiparty "2.2.0"
    negotiator "0.3.0"
    pause "0.0.1"
    qs "0.6.6"
    raw-body "1.1.2"
    send "0.1.4"
    uid2 "0.0.3"

cookie-signature@1.0.1:
  version "1.0.1"
  resolved "https://registry.yarnpkg.com/cookie-signature/-/cookie-signature-1.0.1.tgz#44e072148af01e6e8e24afbf12690d68ae698ecb"

cookie@0.1.0:
  version "0.1.0"
  resolved "https://registry.yarnpkg.com/cookie/-/cookie-0.1.0.tgz#90eb469ddce905c866de687efc43131d8801f9d0"

core-util-is@~1.0.0:
  version "1.0.2"
  resolved "https://registry.yarnpkg.com/core-util-is/-/core-util-is-1.0.2.tgz#b5fd54220aa2bc5ab57aab7140c940754503c1a7"

cryptiles@2.x.x:
  version "2.0.5"
  resolved "https://registry.yarnpkg.com/cryptiles/-/cryptiles-2.0.5.tgz#3bdfecdc608147c1c67202fa291e7dca59eaa3b8"
  dependencies:
    boom "2.x.x"

dashdash@^1.12.0:
  version "1.14.1"
  resolved "https://registry.yarnpkg.com/dashdash/-/dashdash-1.14.1.tgz#853cfa0f7cbe2fed5de20326b8dd581035f6e2f0"
  dependencies:
    assert-plus "^1.0.0"

debug@*, debug@2.6.0:
  version "2.6.0"
  resolved "https://registry.yarnpkg.com/debug/-/debug-2.6.0.tgz#bc596bcabe7617f11d9fa15361eded5608b8499b"
  dependencies:
    ms "0.7.2"

"debug@>= 0.7.3 < 1":
  version "0.8.1"
  resolved "https://registry.yarnpkg.com/debug/-/debug-0.8.1.tgz#20ff4d26f5e422cb68a1bacbbb61039ad8c1c130"

deep-eql@^0.1.3:
  version "0.1.3"
  resolved "https://registry.yarnpkg.com/deep-eql/-/deep-eql-0.1.3.tgz#ef558acab8de25206cd713906d74e56930eb69f2"
  dependencies:
    type-detect "0.1.1"

delayed-stream@~1.0.0:
  version "1.0.0"
  resolved "https://registry.yarnpkg.com/delayed-stream/-/delayed-stream-1.0.0.tgz#df3ae199acadfb7d440aaae0b29e2272b24ec619"

diff@3.2.0:
  version "3.2.0"
  resolved "https://registry.yarnpkg.com/diff/-/diff-3.2.0.tgz#c9ce393a4b7cbd0b058a725c93df299027868ff9"

difflib@~0.2.1:
  version "0.2.4"
  resolved "https://registry.yarnpkg.com/difflib/-/difflib-0.2.4.tgz#b5e30361a6db023176d562892db85940a718f47e"
  dependencies:
    heap ">= 0.2.0"

dreamopt@~0.6.0:
  version "0.6.0"
  resolved "https://registry.yarnpkg.com/dreamopt/-/dreamopt-0.6.0.tgz#d813ccdac8d39d8ad526775514a13dda664d6b4b"
  dependencies:
    wordwrap ">=0.0.2"

ecc-jsbn@~0.1.1:
  version "0.1.1"
  resolved "https://registry.yarnpkg.com/ecc-jsbn/-/ecc-jsbn-0.1.1.tgz#0fc73a9ed5f0d53c38193398523ef7e543777505"
  dependencies:
    jsbn "~0.1.0"

ecdsa-sig-formatter@1.0.9:
  version "1.0.9"
  resolved "https://registry.yarnpkg.com/ecdsa-sig-formatter/-/ecdsa-sig-formatter-1.0.9.tgz#4bc926274ec3b5abb5016e7e1d60921ac262b2a1"
  dependencies:
    base64url "^2.0.0"
    safe-buffer "^5.0.1"

entities@~1.1.1:
  version "1.1.1"
  resolved "https://registry.yarnpkg.com/entities/-/entities-1.1.1.tgz#6e5c2d0a5621b5dadaecef80b90edfb5cd7772f0"

es5-ext@0.8.x:
  version "0.8.2"
  resolved "https://registry.yarnpkg.com/es5-ext/-/es5-ext-0.8.2.tgz#aba8d9e1943a895ac96837a62a39b3f55ecd94ab"

escape-string-regexp@1.0.5:
  version "1.0.5"
  resolved "https://registry.yarnpkg.com/escape-string-regexp/-/escape-string-regexp-1.0.5.tgz#1b61c0562190a8dff6ae3bb2cf0200ca130b86d4"

express@~3.4.8:
  version "3.4.8"
  resolved "https://registry.yarnpkg.com/express/-/express-3.4.8.tgz#aa7a8986de07053337f4bc5ed9a6453d9cc8e2e1"
  dependencies:
    buffer-crc32 "0.2.1"
    commander "1.3.2"
    connect "2.12.0"
    cookie "0.1.0"
    cookie-signature "1.0.1"
    debug ">= 0.7.3 < 1"
    fresh "0.2.0"
    merge-descriptors "0.0.1"
    methods "0.1.0"
    mkdirp "0.3.5"
    range-parser "0.0.4"
    send "0.1.4"

extend@~3.0.0:
  version "3.0.1"
  resolved "https://registry.yarnpkg.com/extend/-/extend-3.0.1.tgz#a755ea7bc1adfcc5a31ce7e762dbaadc5e636444"

extsprintf@1.0.2:
  version "1.0.2"
  resolved "https://registry.yarnpkg.com/extsprintf/-/extsprintf-1.0.2.tgz#e1080e0658e300b06294990cc70e1502235fd550"

forever-agent@~0.6.1:
  version "0.6.1"
  resolved "https://registry.yarnpkg.com/forever-agent/-/forever-agent-0.6.1.tgz#fbc71f0c41adeb37f96c577ad1ed42d8fdacca91"

form-data@~2.1.1:
  version "2.1.4"
  resolved "https://registry.yarnpkg.com/form-data/-/form-data-2.1.4.tgz#33c183acf193276ecaa98143a69e94bfee1750d1"
  dependencies:
    asynckit "^0.4.0"
    combined-stream "^1.0.5"
    mime-types "^2.1.12"

fresh@0.2.0:
  version "0.2.0"
  resolved "https://registry.yarnpkg.com/fresh/-/fresh-0.2.0.tgz#bfd9402cf3df12c4a4c310c79f99a3dde13d34a7"

fs.realpath@^1.0.0:
  version "1.0.0"
  resolved "https://registry.yarnpkg.com/fs.realpath/-/fs.realpath-1.0.0.tgz#1504ad2523158caa40db4a2787cb01411994ea4f"

getpass@^0.1.1:
  version "0.1.7"
  resolved "https://registry.yarnpkg.com/getpass/-/getpass-0.1.7.tgz#5eff8e3e684d569ae4cb2b1282604e8ba62149fa"
  dependencies:
    assert-plus "^1.0.0"

glob@7.1.1:
  version "7.1.1"
  resolved "https://registry.yarnpkg.com/glob/-/glob-7.1.1.tgz#805211df04faaf1c63a3600306cdf5ade50b2ec8"
  dependencies:
    fs.realpath "^1.0.0"
    inflight "^1.0.4"
    inherits "2"
    minimatch "^3.0.2"
    once "^1.3.0"
    path-is-absolute "^1.0.0"

"graceful-readlink@>= 1.0.0":
  version "1.0.1"
  resolved "https://registry.yarnpkg.com/graceful-readlink/-/graceful-readlink-1.0.1.tgz#4cafad76bc62f02fa039b2f94e9a3dd3a391a725"

growl@1.9.2:
  version "1.9.2"
  resolved "https://registry.yarnpkg.com/growl/-/growl-1.9.2.tgz#0ea7743715db8d8de2c5ede1775e1b45ac85c02f"

har-schema@^1.0.5:
  version "1.0.5"
  resolved "https://registry.yarnpkg.com/har-schema/-/har-schema-1.0.5.tgz#d263135f43307c02c602afc8fe95970c0151369e"

har-validator@~4.2.1:
  version "4.2.1"
  resolved "https://registry.yarnpkg.com/har-validator/-/har-validator-4.2.1.tgz#33481d0f1bbff600dd203d75812a6a5fba002e2a"
  dependencies:
    ajv "^4.9.1"
    har-schema "^1.0.5"

has-flag@^1.0.0:
  version "1.0.0"
  resolved "https://registry.yarnpkg.com/has-flag/-/has-flag-1.0.0.tgz#9d9e793165ce017a00f00418c43f942a7b1d11fa"

hawk@~3.1.3:
  version "3.1.3"
  resolved "https://registry.yarnpkg.com/hawk/-/hawk-3.1.3.tgz#078444bd7c1640b0fe540d2c9b73d59678e8e1c4"
  dependencies:
    boom "2.x.x"
    cryptiles "2.x.x"
    hoek "2.x.x"
    sntp "1.x.x"

"heap@>= 0.2.0":
  version "0.2.6"
  resolved "https://registry.yarnpkg.com/heap/-/heap-0.2.6.tgz#087e1f10b046932fc8594dd9e6d378afc9d1e5ac"

hoek@2.x.x:
  version "2.16.3"
  resolved "https://registry.yarnpkg.com/hoek/-/hoek-2.16.3.tgz#20bb7403d3cea398e91dc4710a8ff1b8274a25ed"

http-signature@~1.1.0:
  version "1.1.1"
  resolved "https://registry.yarnpkg.com/http-signature/-/http-signature-1.1.1.tgz#df72e267066cd0ac67fb76adf8e134a8fbcf91bf"
  dependencies:
    assert-plus "^0.2.0"
    jsprim "^1.2.2"
    sshpk "^1.7.0"

inflight@^1.0.4:
  version "1.0.6"
  resolved "https://registry.yarnpkg.com/inflight/-/inflight-1.0.6.tgz#49bd6331d7d02d0c09bc910a1075ba8165b56df9"
  dependencies:
    once "^1.3.0"
    wrappy "1"

inherits@2, inherits@~2.0.1:
  version "2.0.3"
  resolved "https://registry.yarnpkg.com/inherits/-/inherits-2.0.3.tgz#633c2c83e3da42a502f52466022480f4208261de"

is-typedarray@~1.0.0:
  version "1.0.0"
  resolved "https://registry.yarnpkg.com/is-typedarray/-/is-typedarray-1.0.0.tgz#e479c80858df0c1b11ddda6940f96011fcda4a9a"

isarray@0.0.1:
  version "0.0.1"
  resolved "https://registry.yarnpkg.com/isarray/-/isarray-0.0.1.tgz#8a18acfca9a8f4177e09abfc6038939b05d1eedf"

isemail@1.x.x:
  version "1.2.0"
  resolved "https://registry.yarnpkg.com/isemail/-/isemail-1.2.0.tgz#be03df8cc3e29de4d2c5df6501263f1fa4595e9a"

isstream@~0.1.2:
  version "0.1.2"
  resolved "https://registry.yarnpkg.com/isstream/-/isstream-0.1.2.tgz#47e63f7af55afa6f92e1500e690eb8b8529c099a"

jodid25519@^1.0.0:
  version "1.0.2"
  resolved "https://registry.yarnpkg.com/jodid25519/-/jodid25519-1.0.2.tgz#06d4912255093419477d425633606e0e90782967"
  dependencies:
    jsbn "~0.1.0"

joi@^6.10.1:
  version "6.10.1"
  resolved "https://registry.yarnpkg.com/joi/-/joi-6.10.1.tgz#4d50c318079122000fe5f16af1ff8e1917b77e06"
  dependencies:
    hoek "2.x.x"
    isemail "1.x.x"
    moment "2.x.x"
    topo "1.x.x"

jsbn@~0.1.0:
  version "0.1.1"
  resolved "https://registry.yarnpkg.com/jsbn/-/jsbn-0.1.1.tgz#a5e654c2e5a2deb5f201d96cefbca80c0ef2f513"

json-diff@0.3.1:
  version "0.3.1"
  resolved "https://registry.yarnpkg.com/json-diff/-/json-diff-0.3.1.tgz#6dbc3ae2d25e075a7fd71bcd9874458666fb681b"
  dependencies:
    cli-color "~0.1.6"
    difflib "~0.2.1"
    dreamopt "~0.6.0"

json-schema@0.2.3:
  version "0.2.3"
  resolved "https://registry.yarnpkg.com/json-schema/-/json-schema-0.2.3.tgz#b480c892e59a2f05954ce727bd3f2a4e882f9e13"

json-stable-stringify@^1.0.1:
  version "1.0.1"
  resolved "https://registry.yarnpkg.com/json-stable-stringify/-/json-stable-stringify-1.0.1.tgz#9a759d39c5f2ff503fd5300646ed445f88c4f9af"
  dependencies:
    jsonify "~0.0.0"

json-stringify-safe@~5.0.1:
  version "5.0.1"
  resolved "https://registry.yarnpkg.com/json-stringify-safe/-/json-stringify-safe-5.0.1.tgz#1296a2d58fd45f19a0f6ce01d65701e2c735b6eb"

json3@3.3.2:
  version "3.3.2"
  resolved "https://registry.yarnpkg.com/json3/-/json3-3.3.2.tgz#3c0434743df93e2f5c42aee7b19bcb483575f4e1"

jsonify@~0.0.0:
  version "0.0.0"
  resolved "https://registry.yarnpkg.com/jsonify/-/jsonify-0.0.0.tgz#2c74b6ee41d93ca51b7b5aaee8f503631d252a73"

jsonwebtoken@^7.4.0:
  version "7.4.0"
  resolved "https://registry.yarnpkg.com/jsonwebtoken/-/jsonwebtoken-7.4.0.tgz#515bf2bba070ec615bad97fd2e945027eb476946"
  dependencies:
    joi "^6.10.1"
    jws "^3.1.4"
    lodash.once "^4.0.0"
    ms "^0.7.1"
    xtend "^4.0.1"

jsprim@^1.2.2:
  version "1.4.0"
  resolved "https://registry.yarnpkg.com/jsprim/-/jsprim-1.4.0.tgz#a3b87e40298d8c380552d8cc7628a0bb95a22918"
  dependencies:
    assert-plus "1.0.0"
    extsprintf "1.0.2"
    json-schema "0.2.3"
    verror "1.3.6"

jwa@^1.1.4:
  version "1.1.5"
  resolved "https://registry.yarnpkg.com/jwa/-/jwa-1.1.5.tgz#a0552ce0220742cd52e153774a32905c30e756e5"
  dependencies:
    base64url "2.0.0"
    buffer-equal-constant-time "1.0.1"
    ecdsa-sig-formatter "1.0.9"
    safe-buffer "^5.0.1"

jws@^3.1.4:
  version "3.1.4"
  resolved "https://registry.yarnpkg.com/jws/-/jws-3.1.4.tgz#f9e8b9338e8a847277d6444b1464f61880e050a2"
  dependencies:
    base64url "^2.0.0"
    jwa "^1.1.4"
    safe-buffer "^5.0.1"

keypress@0.1.x:
  version "0.1.0"
  resolved "https://registry.yarnpkg.com/keypress/-/keypress-0.1.0.tgz#4a3188d4291b66b4f65edb99f806aa9ae293592a"

linkify-it@^2.0.0:
  version "2.0.3"
  resolved "https://registry.yarnpkg.com/linkify-it/-/linkify-it-2.0.3.tgz#d94a4648f9b1c179d64fa97291268bdb6ce9434f"
  dependencies:
    uc.micro "^1.0.1"

lodash._baseassign@^3.0.0:
  version "3.2.0"
  resolved "https://registry.yarnpkg.com/lodash._baseassign/-/lodash._baseassign-3.2.0.tgz#8c38a099500f215ad09e59f1722fd0c52bfe0a4e"
  dependencies:
    lodash._basecopy "^3.0.0"
    lodash.keys "^3.0.0"

lodash._basecopy@^3.0.0:
  version "3.0.1"
  resolved "https://registry.yarnpkg.com/lodash._basecopy/-/lodash._basecopy-3.0.1.tgz#8da0e6a876cf344c0ad8a54882111dd3c5c7ca36"

lodash._basecreate@^3.0.0:
  version "3.0.3"
  resolved "https://registry.yarnpkg.com/lodash._basecreate/-/lodash._basecreate-3.0.3.tgz#1bc661614daa7fc311b7d03bf16806a0213cf821"

lodash._getnative@^3.0.0:
  version "3.9.1"
  resolved "https://registry.yarnpkg.com/lodash._getnative/-/lodash._getnative-3.9.1.tgz#570bc7dede46d61cdcde687d65d3eecbaa3aaff5"

lodash._isiterateecall@^3.0.0:
  version "3.0.9"
  resolved "https://registry.yarnpkg.com/lodash._isiterateecall/-/lodash._isiterateecall-3.0.9.tgz#5203ad7ba425fae842460e696db9cf3e6aac057c"

lodash.create@3.1.1:
  version "3.1.1"
  resolved "https://registry.yarnpkg.com/lodash.create/-/lodash.create-3.1.1.tgz#d7f2849f0dbda7e04682bb8cd72ab022461debe7"
  dependencies:
    lodash._baseassign "^3.0.0"
    lodash._basecreate "^3.0.0"
    lodash._isiterateecall "^3.0.0"

lodash.isarguments@^3.0.0:
  version "3.1.0"
  resolved "https://registry.yarnpkg.com/lodash.isarguments/-/lodash.isarguments-3.1.0.tgz#2f573d85c6a24289ff00663b491c1d338ff3458a"

lodash.isarray@^3.0.0:
  version "3.0.4"
  resolved "https://registry.yarnpkg.com/lodash.isarray/-/lodash.isarray-3.0.4.tgz#79e4eb88c36a8122af86f844aa9bcd851b5fbb55"

lodash.keys@^3.0.0:
  version "3.1.2"
  resolved "https://registry.yarnpkg.com/lodash.keys/-/lodash.keys-3.1.2.tgz#4dbc0472b156be50a0b286855d1bd0b0c656098a"
  dependencies:
    lodash._getnative "^3.0.0"
    lodash.isarguments "^3.0.0"
    lodash.isarray "^3.0.0"

lodash.once@^4.0.0:
  version "4.1.1"
  resolved "https://registry.yarnpkg.com/lodash.once/-/lodash.once-4.1.1.tgz#0dd3971213c7c56df880977d504c88fb471a97ac"

lodash@^4.17.4:
  version "4.17.4"
  resolved "https://registry.yarnpkg.com/lodash/-/lodash-4.17.4.tgz#78203a4d1c328ae1d86dca6460e369b57f4055ae"

markdown-it@^8.3.1:
  version "8.3.1"
  resolved "https://registry.yarnpkg.com/markdown-it/-/markdown-it-8.3.1.tgz#2f4b622948ccdc193d66f3ca2d43125ac4ac7323"
  dependencies:
    argparse "^1.0.7"
    entities "~1.1.1"
    linkify-it "^2.0.0"
    mdurl "^1.0.1"
    uc.micro "^1.0.3"

mdurl@^1.0.1:
  version "1.0.1"
  resolved "https://registry.yarnpkg.com/mdurl/-/mdurl-1.0.1.tgz#fe85b2ec75a59037f2adfec100fd6c601761152e"

merge-descriptors@0.0.1:
  version "0.0.1"
  resolved "https://registry.yarnpkg.com/merge-descriptors/-/merge-descriptors-0.0.1.tgz#2ff0980c924cf81d0b5d1fb601177cb8bb56c0d0"

methods@0.1.0, methods@~0.1.0:
  version "0.1.0"
  resolved "https://registry.yarnpkg.com/methods/-/methods-0.1.0.tgz#335d429eefd21b7bacf2e9c922a8d2bd14a30e4f"

mime-db@~1.27.0:
  version "1.27.0"
  resolved "https://registry.yarnpkg.com/mime-db/-/mime-db-1.27.0.tgz#820f572296bbd20ec25ed55e5b5de869e5436eb1"

mime-types@^2.1.12, mime-types@~2.1.7:
  version "2.1.15"
  resolved "https://registry.yarnpkg.com/mime-types/-/mime-types-2.1.15.tgz#a4ebf5064094569237b8cf70046776d09fc92aed"
  dependencies:
    mime-db "~1.27.0"

mime@~1.2.9:
  version "1.2.11"
  resolved "https://registry.yarnpkg.com/mime/-/mime-1.2.11.tgz#58203eed86e3a5ef17aed2b7d9ebd47f0a60dd10"

minimatch@^3.0.2:
  version "3.0.4"
  resolved "https://registry.yarnpkg.com/minimatch/-/minimatch-3.0.4.tgz#5166e286457f03306064be5497e8dbb0c3d32083"
  dependencies:
    brace-expansion "^1.1.7"

minimist@0.0.8:
  version "0.0.8"
  resolved "https://registry.yarnpkg.com/minimist/-/minimist-0.0.8.tgz#857fcabfc3397d2625b8228262e86aa7a011b05d"

mkdirp@0.3.5:
  version "0.3.5"
  resolved "https://registry.yarnpkg.com/mkdirp/-/mkdirp-0.3.5.tgz#de3e5f8961c88c787ee1368df849ac4413eca8d7"

mkdirp@0.5.1:
  version "0.5.1"
  resolved "https://registry.yarnpkg.com/mkdirp/-/mkdirp-0.5.1.tgz#30057438eac6cf7f8c4767f38648d6697d75c903"
  dependencies:
    minimist "0.0.8"

mocha@^3.3.0:
  version "3.3.0"
  resolved "https://registry.yarnpkg.com/mocha/-/mocha-3.3.0.tgz#d29b7428d3f52c82e2e65df1ecb7064e1aabbfb5"
  dependencies:
    browser-stdout "1.3.0"
    commander "2.9.0"
    debug "2.6.0"
    diff "3.2.0"
    escape-string-regexp "1.0.5"
    glob "7.1.1"
    growl "1.9.2"
    json3 "3.3.2"
    lodash.create "3.1.1"
    mkdirp "0.5.1"
    supports-color "3.1.2"

moment@2.x.x:
  version "2.18.1"
  resolved "https://registry.yarnpkg.com/moment/-/moment-2.18.1.tgz#c36193dd3ce1c2eed2adb7c802dbbc77a81b1c0f"

ms@0.7.2:
  version "0.7.2"
  resolved "https://registry.yarnpkg.com/ms/-/ms-0.7.2.tgz#ae25cf2512b3885a1d95d7f037868d8431124765"

ms@^0.7.1:
  version "0.7.3"
  resolved "https://registry.yarnpkg.com/ms/-/ms-0.7.3.tgz#708155a5e44e33f5fd0fc53e81d0d40a91be1fff"

multiparty@2.2.0:
  version "2.2.0"
  resolved "https://registry.yarnpkg.com/multiparty/-/multiparty-2.2.0.tgz#a567c2af000ad22dc8f2a653d91978ae1f5316f4"
  dependencies:
    readable-stream "~1.1.9"
    stream-counter "~0.2.0"

negotiator@0.3.0:
  version "0.3.0"
  resolved "https://registry.yarnpkg.com/negotiator/-/negotiator-0.3.0.tgz#706d692efeddf574d57ea9fb1ab89a4fa7ee8f60"

oauth-sign@~0.8.1:
  version "0.8.2"
  resolved "https://registry.yarnpkg.com/oauth-sign/-/oauth-sign-0.8.2.tgz#46a6ab7f0aead8deae9ec0565780b7d4efeb9d43"

once@^1.3.0:
  version "1.4.0"
  resolved "https://registry.yarnpkg.com/once/-/once-1.4.0.tgz#583b1aa775961d4b113ac17d9c50baef9dd76bd1"
  dependencies:
    wrappy "1"

path-is-absolute@^1.0.0:
  version "1.0.1"
  resolved "https://registry.yarnpkg.com/path-is-absolute/-/path-is-absolute-1.0.1.tgz#174b9268735534ffbc7ace6bf53a5a9e1b5c5f5f"

pause@0.0.1:
  version "0.0.1"
  resolved "https://registry.yarnpkg.com/pause/-/pause-0.0.1.tgz#1d408b3fdb76923b9543d96fb4c9dfd535d9cb5d"

performance-now@^0.2.0:
  version "0.2.0"
  resolved "https://registry.yarnpkg.com/performance-now/-/performance-now-0.2.0.tgz#33ef30c5c77d4ea21c5a53869d91b56d8f2555e5"

punycode@^1.4.1:
  version "1.4.1"
  resolved "https://registry.yarnpkg.com/punycode/-/punycode-1.4.1.tgz#c0d5a63b2718800ad8e1eb0fa5269c84dd41845e"

qs@0.6.6:
  version "0.6.6"
  resolved "https://registry.yarnpkg.com/qs/-/qs-0.6.6.tgz#6e015098ff51968b8a3c819001d5f2c89bc4b107"

qs@~6.4.0:
  version "6.4.0"
  resolved "https://registry.yarnpkg.com/qs/-/qs-6.4.0.tgz#13e26d28ad6b0ffaa91312cd3bf708ed351e7233"

range-parser@0.0.4:
  version "0.0.4"
  resolved "https://registry.yarnpkg.com/range-parser/-/range-parser-0.0.4.tgz#c0427ffef51c10acba0782a46c9602e744ff620b"

raw-body@1.1.2:
  version "1.1.2"
  resolved "https://registry.yarnpkg.com/raw-body/-/raw-body-1.1.2.tgz#c74b3004dea5defd1696171106ac740ec31d62be"
  dependencies:
    bytes "~0.2.1"

readable-stream@~1.1.8, readable-stream@~1.1.9:
  version "1.1.14"
  resolved "https://registry.yarnpkg.com/readable-stream/-/readable-stream-1.1.14.tgz#7cf4c54ef648e3813084c636dd2079e166c081d9"
  dependencies:
    core-util-is "~1.0.0"
    inherits "~2.0.1"
    isarray "0.0.1"
    string_decoder "~0.10.x"

request@^2.81.0:
  version "2.81.0"
  resolved "https://registry.yarnpkg.com/request/-/request-2.81.0.tgz#c6928946a0e06c5f8d6f8a9333469ffda46298a0"
  dependencies:
    aws-sign2 "~0.6.0"
    aws4 "^1.2.1"
    caseless "~0.12.0"
    combined-stream "~1.0.5"
    extend "~3.0.0"
    forever-agent "~0.6.1"
    form-data "~2.1.1"
    har-validator "~4.2.1"
    hawk "~3.1.3"
    http-signature "~1.1.0"
    is-typedarray "~1.0.0"
    isstream "~0.1.2"
    json-stringify-safe "~5.0.1"
    mime-types "~2.1.7"
    oauth-sign "~0.8.1"
    performance-now "^0.2.0"
    qs "~6.4.0"
    safe-buffer "^5.0.1"
    stringstream "~0.0.4"
    tough-cookie "~2.3.0"
    tunnel-agent "^0.6.0"
    uuid "^3.0.0"

safe-buffer@^5.0.1:
  version "5.0.1"
  resolved "https://registry.yarnpkg.com/safe-buffer/-/safe-buffer-5.0.1.tgz#d263ca54696cd8a306b5ca6551e92de57918fbe7"

send@0.1.4:
  version "0.1.4"
  resolved "https://registry.yarnpkg.com/send/-/send-0.1.4.tgz#be70d8d1be01de61821af13780b50345a4f71abd"
  dependencies:
    debug "*"
    fresh "0.2.0"
    mime "~1.2.9"
    range-parser "0.0.4"

shmock@^0.8.1:
  version "0.8.1"
  resolved "https://registry.yarnpkg.com/shmock/-/shmock-0.8.1.tgz#210ed02c167d2306f5db8d698ed43a44a5eeae90"
  dependencies:
    assert-diff "^1.0.1"
    express "~3.4.8"
    methods "~0.1.0"

sntp@1.x.x:
  version "1.0.9"
  resolved "https://registry.yarnpkg.com/sntp/-/sntp-1.0.9.tgz#6541184cc90aeea6c6e7b35e2659082443c66198"
  dependencies:
    hoek "2.x.x"

sprintf-js@~1.0.2:
  version "1.0.3"
  resolved "https://registry.yarnpkg.com/sprintf-js/-/sprintf-js-1.0.3.tgz#04e6926f662895354f3dd015203633b857297e2c"

sshpk@^1.7.0:
  version "1.13.0"
  resolved "https://registry.yarnpkg.com/sshpk/-/sshpk-1.13.0.tgz#ff2a3e4fd04497555fed97b39a0fd82fafb3a33c"
  dependencies:
    asn1 "~0.2.3"
    assert-plus "^1.0.0"
    dashdash "^1.12.0"
    getpass "^0.1.1"
  optionalDependencies:
    bcrypt-pbkdf "^1.0.0"
    ecc-jsbn "~0.1.1"
    jodid25519 "^1.0.0"
    jsbn "~0.1.0"
    tweetnacl "~0.14.0"

stream-counter@~0.2.0:
  version "0.2.0"
  resolved "https://registry.yarnpkg.com/stream-counter/-/stream-counter-0.2.0.tgz#ded266556319c8b0e222812b9cf3b26fa7d947de"
  dependencies:
    readable-stream "~1.1.8"

string_decoder@~0.10.x:
  version "0.10.31"
  resolved "https://registry.yarnpkg.com/string_decoder/-/string_decoder-0.10.31.tgz#62e203bc41766c6c28c9fc84301dab1c5310fa94"

stringstream@~0.0.4:
  version "0.0.5"
  resolved "https://registry.yarnpkg.com/stringstream/-/stringstream-0.0.5.tgz#4e484cd4de5a0bbbee18e46307710a8a81621878"

supports-color@3.1.2:
  version "3.1.2"
  resolved "https://registry.yarnpkg.com/supports-color/-/supports-color-3.1.2.tgz#72a262894d9d408b956ca05ff37b2ed8a6e2a2d5"
  dependencies:
    has-flag "^1.0.0"

topo@1.x.x:
  version "1.1.0"
  resolved "https://registry.yarnpkg.com/topo/-/topo-1.1.0.tgz#e9d751615d1bb87dc865db182fa1ca0a5ef536d5"
  dependencies:
    hoek "2.x.x"

tough-cookie@~2.3.0:
  version "2.3.2"
  resolved "https://registry.yarnpkg.com/tough-cookie/-/tough-cookie-2.3.2.tgz#f081f76e4c85720e6c37a5faced737150d84072a"
  dependencies:
    punycode "^1.4.1"

tunnel-agent@^0.6.0:
  version "0.6.0"
  resolved "https://registry.yarnpkg.com/tunnel-agent/-/tunnel-agent-0.6.0.tgz#27a5dea06b36b04a0a9966774b290868f0fc40fd"
  dependencies:
    safe-buffer "^5.0.1"

tweetnacl@^0.14.3, tweetnacl@~0.14.0:
  version "0.14.5"
  resolved "https://registry.yarnpkg.com/tweetnacl/-/tweetnacl-0.14.5.tgz#5ae68177f192d4456269d108afa93ff8743f4f64"

type-detect@0.1.1:
  version "0.1.1"
  resolved "https://registry.yarnpkg.com/type-detect/-/type-detect-0.1.1.tgz#0ba5ec2a885640e470ea4e8505971900dac58822"

type-detect@^1.0.0:
  version "1.0.0"
  resolved "https://registry.yarnpkg.com/type-detect/-/type-detect-1.0.0.tgz#762217cc06db258ec48908a1298e8b95121e8ea2"

uc.micro@^1.0.1, uc.micro@^1.0.3:
  version "1.0.3"
  resolved "https://registry.yarnpkg.com/uc.micro/-/uc.micro-1.0.3.tgz#7ed50d5e0f9a9fb0a573379259f2a77458d50192"

uid2@0.0.3:
  version "0.0.3"
  resolved "https://registry.yarnpkg.com/uid2/-/uid2-0.0.3.tgz#483126e11774df2f71b8b639dcd799c376162b82"

uuid@^3.0.0:
  version "3.0.1"
  resolved "https://registry.yarnpkg.com/uuid/-/uuid-3.0.1.tgz#6544bba2dfda8c1cf17e629a3a305e2bb1fee6c1"

verror@1.3.6:
  version "1.3.6"
  resolved "https://registry.yarnpkg.com/verror/-/verror-1.3.6.tgz#cff5df12946d297d2baaefaa2689e25be01c005c"
  dependencies:
    extsprintf "1.0.2"

wordwrap@>=0.0.2:
  version "1.0.0"
  resolved "https://registry.yarnpkg.com/wordwrap/-/wordwrap-1.0.0.tgz#27584810891456a4171c8d0226441ade90cbcaeb"

wrappy@1:
  version "1.0.2"
  resolved "https://registry.yarnpkg.com/wrappy/-/wrappy-1.0.2.tgz#b5243d8f3ec1aa35f1364605bc0d1036e30ab69f"

xtend@^4.0.1:
  version "4.0.1"
  resolved "https://registry.yarnpkg.com/xtend/-/xtend-4.0.1.tgz#a5c6d532be656e23db820efb943a1f04998d63af"
